// !$*UTF8*$!
{
	archiveVersion = 1;
	classes = {
	};
	objectVersion = 46;
	objects = {

/* Begin PBXBuildFile section */
		830BFB6C1A0F7CAD00F9C036 /* LKView.m in Sources */ = {isa = PBXBuildFile; fileRef = 830BFB6B1A0F7CAD00F9C036 /* LKView.m */; };
		830BFB961A0F903300F9C036 /* FUIAlertView.m in Sources */ = {isa = PBXBuildFile; fileRef = 830BFB711A0F903300F9C036 /* FUIAlertView.m */; };
		830BFB971A0F903300F9C036 /* FUIButton.m in Sources */ = {isa = PBXBuildFile; fileRef = 830BFB731A0F903300F9C036 /* FUIButton.m */; };
		830BFB981A0F903300F9C036 /* FUICellBackgroundView.m in Sources */ = {isa = PBXBuildFile; fileRef = 830BFB751A0F903300F9C036 /* FUICellBackgroundView.m */; };
		830BFB991A0F903300F9C036 /* FUIPopoverBackgroundView.m in Sources */ = {isa = PBXBuildFile; fileRef = 830BFB771A0F903300F9C036 /* FUIPopoverBackgroundView.m */; };
		830BFB9A1A0F903300F9C036 /* FUISegmentedControl.m in Sources */ = {isa = PBXBuildFile; fileRef = 830BFB791A0F903300F9C036 /* FUISegmentedControl.m */; };
		830BFB9B1A0F903300F9C036 /* FUISwitch.m in Sources */ = {isa = PBXBuildFile; fileRef = 830BFB7B1A0F903300F9C036 /* FUISwitch.m */; };
		830BFB9C1A0F903300F9C036 /* FUITextField.m in Sources */ = {isa = PBXBuildFile; fileRef = 830BFB7D1A0F903300F9C036 /* FUITextField.m */; };
		830BFB9D1A0F903300F9C036 /* UIBarButtonItem+FlatUI.m in Sources */ = {isa = PBXBuildFile; fileRef = 830BFB7F1A0F903300F9C036 /* UIBarButtonItem+FlatUI.m */; };
		830BFB9E1A0F903300F9C036 /* UIColor+FlatUI.m in Sources */ = {isa = PBXBuildFile; fileRef = 830BFB811A0F903300F9C036 /* UIColor+FlatUI.m */; };
		830BFB9F1A0F903300F9C036 /* UIFont+FlatUI.m in Sources */ = {isa = PBXBuildFile; fileRef = 830BFB831A0F903300F9C036 /* UIFont+FlatUI.m */; };
		830BFBA01A0F903300F9C036 /* UIImage+FlatUI.m in Sources */ = {isa = PBXBuildFile; fileRef = 830BFB851A0F903300F9C036 /* UIImage+FlatUI.m */; };
		830BFBA11A0F903400F9C036 /* UINavigationBar+FlatUI.m in Sources */ = {isa = PBXBuildFile; fileRef = 830BFB871A0F903300F9C036 /* UINavigationBar+FlatUI.m */; };
		830BFBA21A0F903400F9C036 /* UIPopoverController+FlatUI.m in Sources */ = {isa = PBXBuildFile; fileRef = 830BFB891A0F903300F9C036 /* UIPopoverController+FlatUI.m */; };
		830BFBA31A0F903400F9C036 /* UIProgressView+FlatUI.m in Sources */ = {isa = PBXBuildFile; fileRef = 830BFB8B1A0F903300F9C036 /* UIProgressView+FlatUI.m */; };
		830BFBA41A0F903400F9C036 /* UISlider+FlatUI.m in Sources */ = {isa = PBXBuildFile; fileRef = 830BFB8D1A0F903300F9C036 /* UISlider+FlatUI.m */; };
		830BFBA51A0F903400F9C036 /* UIStepper+FlatUI.m in Sources */ = {isa = PBXBuildFile; fileRef = 830BFB8F1A0F903300F9C036 /* UIStepper+FlatUI.m */; };
		830BFBA61A0F903400F9C036 /* UITabBar+FlatUI.m in Sources */ = {isa = PBXBuildFile; fileRef = 830BFB911A0F903300F9C036 /* UITabBar+FlatUI.m */; };
		830BFBA71A0F903400F9C036 /* UITableViewCell+FlatUI.m in Sources */ = {isa = PBXBuildFile; fileRef = 830BFB931A0F903300F9C036 /* UITableViewCell+FlatUI.m */; };
		830BFBA81A0F903400F9C036 /* UIToolbar+FlatUI.m in Sources */ = {isa = PBXBuildFile; fileRef = 830BFB951A0F903300F9C036 /* UIToolbar+FlatUI.m */; };
		830BFBAD1A0F991A00F9C036 /* MainViewController.m in Sources */ = {isa = PBXBuildFile; fileRef = 830BFBAC1A0F991A00F9C036 /* MainViewController.m */; };
		830BFBB61A0FA8B700F9C036 /* JASidePanelController.m in Sources */ = {isa = PBXBuildFile; fileRef = 830BFBB31A0FA8B700F9C036 /* JASidePanelController.m */; };
		830BFBB71A0FA8B700F9C036 /* UIViewController+JASidePanel.m in Sources */ = {isa = PBXBuildFile; fileRef = 830BFBB51A0FA8B700F9C036 /* UIViewController+JASidePanel.m */; };
		830BFBBC1A0FA99B00F9C036 /* LKSideViewController.m in Sources */ = {isa = PBXBuildFile; fileRef = 830BFBBB1A0FA99B00F9C036 /* LKSideViewController.m */; };
		830BFBBF1A0FB32D00F9C036 /* RegistViewController.m in Sources */ = {isa = PBXBuildFile; fileRef = 830BFBBE1A0FB32D00F9C036 /* RegistViewController.m */; };
		831FBE411A1A45AB002F3C36 /* intro.txt in Resources */ = {isa = PBXBuildFile; fileRef = 831FBE401A1A45AB002F3C36 /* intro.txt */; };
		831FBE431A1A4D77002F3C36 /* professors.json in Resources */ = {isa = PBXBuildFile; fileRef = 831FBE421A1A4D77002F3C36 /* professors.json */; };
		831FBE471A1AFF06002F3C36 /* BoardViewController.m in Sources */ = {isa = PBXBuildFile; fileRef = 831FBE461A1AFF06002F3C36 /* BoardViewController.m */; };
		831FBE4A1A1AFF5B002F3C36 /* BoardCell.m in Sources */ = {isa = PBXBuildFile; fileRef = 831FBE491A1AFF5B002F3C36 /* BoardCell.m */; };
		833286561A1911CD0095A0DE /* LKSegmentControl.m in Sources */ = {isa = PBXBuildFile; fileRef = 833286551A1911CD0095A0DE /* LKSegmentControl.m */; };
		8332865A1A1914EB0095A0DE /* LKButton.m in Sources */ = {isa = PBXBuildFile; fileRef = 833286591A1914EB0095A0DE /* LKButton.m */; };
		8332865E1A1A36DC0095A0DE /* GreetingCell.m in Sources */ = {isa = PBXBuildFile; fileRef = 8332865D1A1A36DC0095A0DE /* GreetingCell.m */; };
		833286611A1A43680095A0DE /* IntroCell.m in Sources */ = {isa = PBXBuildFile; fileRef = 833286601A1A43680095A0DE /* IntroCell.m */; };
		833286641A1A43700095A0DE /* MemberCell.m in Sources */ = {isa = PBXBuildFile; fileRef = 833286631A1A43700095A0DE /* MemberCell.m */; };
		836962B61A1910A1009BC7AC /* IntroViewController.m in Sources */ = {isa = PBXBuildFile; fileRef = 836962B51A1910A1009BC7AC /* IntroViewController.m */; };
		83807F1B1A15A9B800071612 /* UIImage+Async.m in Sources */ = {isa = PBXBuildFile; fileRef = 83807F1A1A15A9B800071612 /* UIImage+Async.m */; };
		8385C3A31A2038010059E95B /* KakaoOpenSDK.framework in Frameworks */ = {isa = PBXBuildFile; fileRef = 8385C3A21A2038010059E95B /* KakaoOpenSDK.framework */; };
		8385C3A61A203E430059E95B /* LKChatView.m in Sources */ = {isa = PBXBuildFile; fileRef = 8385C3A51A203E430059E95B /* LKChatView.m */; };
		8385C3A91A2041390059E95B /* LKChatTableView.m in Sources */ = {isa = PBXBuildFile; fileRef = 8385C3A81A2041390059E95B /* LKChatTableView.m */; };
		8385C3AD1A207BE80059E95B /* GraduationViewController.m in Sources */ = {isa = PBXBuildFile; fileRef = 8385C3AC1A207BE80059E95B /* GraduationViewController.m */; };
		8385C3B11A207C3D0059E95B /* GraduationCell.m in Sources */ = {isa = PBXBuildFile; fileRef = 8385C3B01A207C3D0059E95B /* GraduationCell.m */; };
		8390AE1A1A0B2FDA00C69020 /* res in Resources */ = {isa = PBXBuildFile; fileRef = 8390AE191A0B2FDA00C69020 /* res */; };
		8390AE1C1A0B3D9800C69020 /* Images.xcassets in Resources */ = {isa = PBXBuildFile; fileRef = 8390AE1B1A0B3D9800C69020 /* Images.xcassets */; };
		83AC00D91A1BB4630040B5BD /* LKLoadingView.m in Sources */ = {isa = PBXBuildFile; fileRef = 83AC00D81A1BB4630040B5BD /* LKLoadingView.m */; };
		83AC00FD1A1C5B030040B5BD /* BoardDetailViewController.m in Sources */ = {isa = PBXBuildFile; fileRef = 83AC00FC1A1C5B030040B5BD /* BoardDetailViewController.m */; };
		83AC01001A1D725D0040B5BD /* BoardDetailCell.m in Sources */ = {isa = PBXBuildFile; fileRef = 83AC00FF1A1D725D0040B5BD /* BoardDetailCell.m */; };
		83B0BBC21A22EEE600438379 /* RentalCell.m in Sources */ = {isa = PBXBuildFile; fileRef = 83B0BBC11A22EEE600438379 /* RentalCell.m */; };
		83B0BBC51A231A0700438379 /* RentalDetailViewController.m in Sources */ = {isa = PBXBuildFile; fileRef = 83B0BBC41A231A0700438379 /* RentalDetailViewController.m */; };
		83B0BBC81A23A5B300438379 /* RentalStatusCell.m in Sources */ = {isa = PBXBuildFile; fileRef = 83B0BBC71A23A5B300438379 /* RentalStatusCell.m */; };
		83B0BBCB1A23A79E00438379 /* RentalAdminCell.m in Sources */ = {isa = PBXBuildFile; fileRef = 83B0BBCA1A23A79E00438379 /* RentalAdminCell.m */; };
		83B0BBCE1A23B77D00438379 /* CounselViewController.m in Sources */ = {isa = PBXBuildFile; fileRef = 83B0BBCD1A23B77D00438379 /* CounselViewController.m */; };
		83B0BBD21A24187B00438379 /* CounselPeopleCell.m in Sources */ = {isa = PBXBuildFile; fileRef = 83B0BBD11A24187B00438379 /* CounselPeopleCell.m */; };
		83B0BBD51A24188D00438379 /* CounselRoomCell.m in Sources */ = {isa = PBXBuildFile; fileRef = 83B0BBD41A24188D00438379 /* CounselRoomCell.m */; };
		83B0BBD81A241F2600438379 /* ChatViewController.m in Sources */ = {isa = PBXBuildFile; fileRef = 83B0BBD71A241F2600438379 /* ChatViewController.m */; };
		83B0BBDB1A24216E00438379 /* CounselSenderCell.m in Sources */ = {isa = PBXBuildFile; fileRef = 83B0BBDA1A24216E00438379 /* CounselSenderCell.m */; };
		83B0BBDE1A24217D00438379 /* CounselMyCell.m in Sources */ = {isa = PBXBuildFile; fileRef = 83B0BBDD1A24217D00438379 /* CounselMyCell.m */; };
		83B83EBF1A1DBDE4002CD7D9 /* BoardCommentCell.m in Sources */ = {isa = PBXBuildFile; fileRef = 83B83EBE1A1DBDE4002CD7D9 /* BoardCommentCell.m */; };
		83BAEDAD1A09D16F00776368 /* main.m in Sources */ = {isa = PBXBuildFile; fileRef = 83BAEDAC1A09D16F00776368 /* main.m */; };
		83BAEDB01A09D16F00776368 /* AppDelegate.m in Sources */ = {isa = PBXBuildFile; fileRef = 83BAEDAF1A09D16F00776368 /* AppDelegate.m */; };
		83BAEDB31A09D16F00776368 /* LoginViewController.m in Sources */ = {isa = PBXBuildFile; fileRef = 83BAEDB21A09D16F00776368 /* LoginViewController.m */; };
		83BAEDB61A09D16F00776368 /* Main.storyboard in Resources */ = {isa = PBXBuildFile; fileRef = 83BAEDB41A09D16F00776368 /* Main.storyboard */; };
		83BAEDBB1A09D16F00776368 /* LaunchScreen.xib in Resources */ = {isa = PBXBuildFile; fileRef = 83BAEDB91A09D16F00776368 /* LaunchScreen.xib */; };
		83BAEDC71A09D16F00776368 /* CICTests.m in Sources */ = {isa = PBXBuildFile; fileRef = 83BAEDC61A09D16F00776368 /* CICTests.m */; };
		83BAEDD81A09D9A400776368 /* LKHttpRequest.m in Sources */ = {isa = PBXBuildFile; fileRef = 83BAEDD71A09D9A400776368 /* LKHttpRequest.m */; };
		83C2C92E1A0B432E00FD292B /* LKViewController.m in Sources */ = {isa = PBXBuildFile; fileRef = 83C2C92D1A0B432E00FD292B /* LKViewController.m */; };
		83C6FB551A13A154003CD71B /* AgreementViewController.m in Sources */ = {isa = PBXBuildFile; fileRef = 83C6FB541A13A154003CD71B /* AgreementViewController.m */; };
		83C6FB581A13A6F9003CD71B /* AgreementContentsViewController.m in Sources */ = {isa = PBXBuildFile; fileRef = 83C6FB571A13A6F9003CD71B /* AgreementContentsViewController.m */; };
		83C6FB5C1A13ABF7003CD71B /* agreement_2.txt in Resources */ = {isa = PBXBuildFile; fileRef = 83C6FB5B1A13ABF7003CD71B /* agreement_2.txt */; };
		83C6FB5E1A13AC7D003CD71B /* agreement_1.txt in Resources */ = {isa = PBXBuildFile; fileRef = 83C6FB5D1A13AC7D003CD71B /* agreement_1.txt */; };
		83C6FB611A14F4BE003CD71B /* LKProgressView.m in Sources */ = {isa = PBXBuildFile; fileRef = 83C6FB601A14F4BE003CD71B /* LKProgressView.m */; };
		83D109B31A21DA400011E3F6 /* graduation.json in Resources */ = {isa = PBXBuildFile; fileRef = 83D109B21A21DA400011E3F6 /* graduation.json */; };
		83D109B61A21DB470011E3F6 /* UserScrollView.m in Sources */ = {isa = PBXBuildFile; fileRef = 83D109B51A21DB470011E3F6 /* UserScrollView.m */; };
		83D109B91A21DB590011E3F6 /* GraduationDetailCell.m in Sources */ = {isa = PBXBuildFile; fileRef = 83D109B81A21DB590011E3F6 /* GraduationDetailCell.m */; };
		83D109BC1A21DBDA0011E3F6 /* GraduationDetailViewController.m in Sources */ = {isa = PBXBuildFile; fileRef = 83D109BB1A21DBDA0011E3F6 /* GraduationDetailViewController.m */; };
		83D109BF1A21F2440011E3F6 /* GraduationPosterViewController.m in Sources */ = {isa = PBXBuildFile; fileRef = 83D109BE1A21F2440011E3F6 /* GraduationPosterViewController.m */; };
		83D109C21A22178D0011E3F6 /* GraduationMiddleCell.m in Sources */ = {isa = PBXBuildFile; fileRef = 83D109C11A22178D0011E3F6 /* GraduationMiddleCell.m */; };
		83D109C51A2217980011E3F6 /* GraduationBottomCell.m in Sources */ = {isa = PBXBuildFile; fileRef = 83D109C41A2217980011E3F6 /* GraduationBottomCell.m */; };
		83D109C91A2220730011E3F6 /* RentalViewController.m in Sources */ = {isa = PBXBuildFile; fileRef = 83D109C81A2220730011E3F6 /* RentalViewController.m */; };
/* End PBXBuildFile section */

/* Begin PBXContainerItemProxy section */
		83BAEDC11A09D16F00776368 /* PBXContainerItemProxy */ = {
			isa = PBXContainerItemProxy;
			containerPortal = 83BAED9F1A09D16F00776368 /* Project object */;
			proxyType = 1;
			remoteGlobalIDString = 83BAEDA61A09D16F00776368;
			remoteInfo = CIC;
		};
/* End PBXContainerItemProxy section */

/* Begin PBXFileReference section */
		830BFB6A1A0F7CAD00F9C036 /* LKView.h */ = {isa = PBXFileReference; fileEncoding = 4; lastKnownFileType = sourcecode.c.h; path = LKView.h; sourceTree = "<group>"; };
		830BFB6B1A0F7CAD00F9C036 /* LKView.m */ = {isa = PBXFileReference; fileEncoding = 4; lastKnownFileType = sourcecode.c.objc; path = LKView.m; sourceTree = "<group>"; };
		830BFB6D1A0F84A600F9C036 /* Define.h */ = {isa = PBXFileReference; lastKnownFileType = sourcecode.c.h; path = Define.h; sourceTree = "<group>"; };
		830BFB6F1A0F903300F9C036 /* FlatUIKit.h */ = {isa = PBXFileReference; fileEncoding = 4; lastKnownFileType = sourcecode.c.h; path = FlatUIKit.h; sourceTree = "<group>"; };
		830BFB701A0F903300F9C036 /* FUIAlertView.h */ = {isa = PBXFileReference; fileEncoding = 4; lastKnownFileType = sourcecode.c.h; path = FUIAlertView.h; sourceTree = "<group>"; };
		830BFB711A0F903300F9C036 /* FUIAlertView.m */ = {isa = PBXFileReference; fileEncoding = 4; lastKnownFileType = sourcecode.c.objc; path = FUIAlertView.m; sourceTree = "<group>"; };
		830BFB721A0F903300F9C036 /* FUIButton.h */ = {isa = PBXFileReference; fileEncoding = 4; lastKnownFileType = sourcecode.c.h; path = FUIButton.h; sourceTree = "<group>"; };
		830BFB731A0F903300F9C036 /* FUIButton.m */ = {isa = PBXFileReference; fileEncoding = 4; lastKnownFileType = sourcecode.c.objc; path = FUIButton.m; sourceTree = "<group>"; };
		830BFB741A0F903300F9C036 /* FUICellBackgroundView.h */ = {isa = PBXFileReference; fileEncoding = 4; lastKnownFileType = sourcecode.c.h; path = FUICellBackgroundView.h; sourceTree = "<group>"; };
		830BFB751A0F903300F9C036 /* FUICellBackgroundView.m */ = {isa = PBXFileReference; fileEncoding = 4; lastKnownFileType = sourcecode.c.objc; path = FUICellBackgroundView.m; sourceTree = "<group>"; };
		830BFB761A0F903300F9C036 /* FUIPopoverBackgroundView.h */ = {isa = PBXFileReference; fileEncoding = 4; lastKnownFileType = sourcecode.c.h; path = FUIPopoverBackgroundView.h; sourceTree = "<group>"; };
		830BFB771A0F903300F9C036 /* FUIPopoverBackgroundView.m */ = {isa = PBXFileReference; fileEncoding = 4; lastKnownFileType = sourcecode.c.objc; path = FUIPopoverBackgroundView.m; sourceTree = "<group>"; };
		830BFB781A0F903300F9C036 /* FUISegmentedControl.h */ = {isa = PBXFileReference; fileEncoding = 4; lastKnownFileType = sourcecode.c.h; path = FUISegmentedControl.h; sourceTree = "<group>"; };
		830BFB791A0F903300F9C036 /* FUISegmentedControl.m */ = {isa = PBXFileReference; fileEncoding = 4; lastKnownFileType = sourcecode.c.objc; path = FUISegmentedControl.m; sourceTree = "<group>"; };
		830BFB7A1A0F903300F9C036 /* FUISwitch.h */ = {isa = PBXFileReference; fileEncoding = 4; lastKnownFileType = sourcecode.c.h; path = FUISwitch.h; sourceTree = "<group>"; };
		830BFB7B1A0F903300F9C036 /* FUISwitch.m */ = {isa = PBXFileReference; fileEncoding = 4; lastKnownFileType = sourcecode.c.objc; path = FUISwitch.m; sourceTree = "<group>"; };
		830BFB7C1A0F903300F9C036 /* FUITextField.h */ = {isa = PBXFileReference; fileEncoding = 4; lastKnownFileType = sourcecode.c.h; path = FUITextField.h; sourceTree = "<group>"; };
		830BFB7D1A0F903300F9C036 /* FUITextField.m */ = {isa = PBXFileReference; fileEncoding = 4; lastKnownFileType = sourcecode.c.objc; path = FUITextField.m; sourceTree = "<group>"; };
		830BFB7E1A0F903300F9C036 /* UIBarButtonItem+FlatUI.h */ = {isa = PBXFileReference; fileEncoding = 4; lastKnownFileType = sourcecode.c.h; path = "UIBarButtonItem+FlatUI.h"; sourceTree = "<group>"; };
		830BFB7F1A0F903300F9C036 /* UIBarButtonItem+FlatUI.m */ = {isa = PBXFileReference; fileEncoding = 4; lastKnownFileType = sourcecode.c.objc; path = "UIBarButtonItem+FlatUI.m"; sourceTree = "<group>"; };
		830BFB801A0F903300F9C036 /* UIColor+FlatUI.h */ = {isa = PBXFileReference; fileEncoding = 4; lastKnownFileType = sourcecode.c.h; path = "UIColor+FlatUI.h"; sourceTree = "<group>"; };
		830BFB811A0F903300F9C036 /* UIColor+FlatUI.m */ = {isa = PBXFileReference; fileEncoding = 4; lastKnownFileType = sourcecode.c.objc; path = "UIColor+FlatUI.m"; sourceTree = "<group>"; };
		830BFB821A0F903300F9C036 /* UIFont+FlatUI.h */ = {isa = PBXFileReference; fileEncoding = 4; lastKnownFileType = sourcecode.c.h; path = "UIFont+FlatUI.h"; sourceTree = "<group>"; };
		830BFB831A0F903300F9C036 /* UIFont+FlatUI.m */ = {isa = PBXFileReference; fileEncoding = 4; lastKnownFileType = sourcecode.c.objc; path = "UIFont+FlatUI.m"; sourceTree = "<group>"; };
		830BFB841A0F903300F9C036 /* UIImage+FlatUI.h */ = {isa = PBXFileReference; fileEncoding = 4; lastKnownFileType = sourcecode.c.h; path = "UIImage+FlatUI.h"; sourceTree = "<group>"; };
		830BFB851A0F903300F9C036 /* UIImage+FlatUI.m */ = {isa = PBXFileReference; fileEncoding = 4; lastKnownFileType = sourcecode.c.objc; path = "UIImage+FlatUI.m"; sourceTree = "<group>"; };
		830BFB861A0F903300F9C036 /* UINavigationBar+FlatUI.h */ = {isa = PBXFileReference; fileEncoding = 4; lastKnownFileType = sourcecode.c.h; path = "UINavigationBar+FlatUI.h"; sourceTree = "<group>"; };
		830BFB871A0F903300F9C036 /* UINavigationBar+FlatUI.m */ = {isa = PBXFileReference; fileEncoding = 4; lastKnownFileType = sourcecode.c.objc; path = "UINavigationBar+FlatUI.m"; sourceTree = "<group>"; };
		830BFB881A0F903300F9C036 /* UIPopoverController+FlatUI.h */ = {isa = PBXFileReference; fileEncoding = 4; lastKnownFileType = sourcecode.c.h; path = "UIPopoverController+FlatUI.h"; sourceTree = "<group>"; };
		830BFB891A0F903300F9C036 /* UIPopoverController+FlatUI.m */ = {isa = PBXFileReference; fileEncoding = 4; lastKnownFileType = sourcecode.c.objc; path = "UIPopoverController+FlatUI.m"; sourceTree = "<group>"; };
		830BFB8A1A0F903300F9C036 /* UIProgressView+FlatUI.h */ = {isa = PBXFileReference; fileEncoding = 4; lastKnownFileType = sourcecode.c.h; path = "UIProgressView+FlatUI.h"; sourceTree = "<group>"; };
		830BFB8B1A0F903300F9C036 /* UIProgressView+FlatUI.m */ = {isa = PBXFileReference; fileEncoding = 4; lastKnownFileType = sourcecode.c.objc; path = "UIProgressView+FlatUI.m"; sourceTree = "<group>"; };
		830BFB8C1A0F903300F9C036 /* UISlider+FlatUI.h */ = {isa = PBXFileReference; fileEncoding = 4; lastKnownFileType = sourcecode.c.h; path = "UISlider+FlatUI.h"; sourceTree = "<group>"; };
		830BFB8D1A0F903300F9C036 /* UISlider+FlatUI.m */ = {isa = PBXFileReference; fileEncoding = 4; lastKnownFileType = sourcecode.c.objc; path = "UISlider+FlatUI.m"; sourceTree = "<group>"; };
		830BFB8E1A0F903300F9C036 /* UIStepper+FlatUI.h */ = {isa = PBXFileReference; fileEncoding = 4; lastKnownFileType = sourcecode.c.h; path = "UIStepper+FlatUI.h"; sourceTree = "<group>"; };
		830BFB8F1A0F903300F9C036 /* UIStepper+FlatUI.m */ = {isa = PBXFileReference; fileEncoding = 4; lastKnownFileType = sourcecode.c.objc; path = "UIStepper+FlatUI.m"; sourceTree = "<group>"; };
		830BFB901A0F903300F9C036 /* UITabBar+FlatUI.h */ = {isa = PBXFileReference; fileEncoding = 4; lastKnownFileType = sourcecode.c.h; path = "UITabBar+FlatUI.h"; sourceTree = "<group>"; };
		830BFB911A0F903300F9C036 /* UITabBar+FlatUI.m */ = {isa = PBXFileReference; fileEncoding = 4; lastKnownFileType = sourcecode.c.objc; path = "UITabBar+FlatUI.m"; sourceTree = "<group>"; };
		830BFB921A0F903300F9C036 /* UITableViewCell+FlatUI.h */ = {isa = PBXFileReference; fileEncoding = 4; lastKnownFileType = sourcecode.c.h; path = "UITableViewCell+FlatUI.h"; sourceTree = "<group>"; };
		830BFB931A0F903300F9C036 /* UITableViewCell+FlatUI.m */ = {isa = PBXFileReference; fileEncoding = 4; lastKnownFileType = sourcecode.c.objc; path = "UITableViewCell+FlatUI.m"; sourceTree = "<group>"; };
		830BFB941A0F903300F9C036 /* UIToolbar+FlatUI.h */ = {isa = PBXFileReference; fileEncoding = 4; lastKnownFileType = sourcecode.c.h; path = "UIToolbar+FlatUI.h"; sourceTree = "<group>"; };
		830BFB951A0F903300F9C036 /* UIToolbar+FlatUI.m */ = {isa = PBXFileReference; fileEncoding = 4; lastKnownFileType = sourcecode.c.objc; path = "UIToolbar+FlatUI.m"; sourceTree = "<group>"; };
		830BFBAB1A0F991A00F9C036 /* MainViewController.h */ = {isa = PBXFileReference; fileEncoding = 4; lastKnownFileType = sourcecode.c.h; path = MainViewController.h; sourceTree = "<group>"; };
		830BFBAC1A0F991A00F9C036 /* MainViewController.m */ = {isa = PBXFileReference; fileEncoding = 4; lastKnownFileType = sourcecode.c.objc; path = MainViewController.m; sourceTree = "<group>"; };
		830BFBB21A0FA8B700F9C036 /* JASidePanelController.h */ = {isa = PBXFileReference; fileEncoding = 4; lastKnownFileType = sourcecode.c.h; path = JASidePanelController.h; sourceTree = "<group>"; };
		830BFBB31A0FA8B700F9C036 /* JASidePanelController.m */ = {isa = PBXFileReference; fileEncoding = 4; lastKnownFileType = sourcecode.c.objc; path = JASidePanelController.m; sourceTree = "<group>"; };
		830BFBB41A0FA8B700F9C036 /* UIViewController+JASidePanel.h */ = {isa = PBXFileReference; fileEncoding = 4; lastKnownFileType = sourcecode.c.h; path = "UIViewController+JASidePanel.h"; sourceTree = "<group>"; };
		830BFBB51A0FA8B700F9C036 /* UIViewController+JASidePanel.m */ = {isa = PBXFileReference; fileEncoding = 4; lastKnownFileType = sourcecode.c.objc; path = "UIViewController+JASidePanel.m"; sourceTree = "<group>"; };
		830BFBBA1A0FA99B00F9C036 /* LKSideViewController.h */ = {isa = PBXFileReference; fileEncoding = 4; lastKnownFileType = sourcecode.c.h; path = LKSideViewController.h; sourceTree = "<group>"; };
		830BFBBB1A0FA99B00F9C036 /* LKSideViewController.m */ = {isa = PBXFileReference; fileEncoding = 4; lastKnownFileType = sourcecode.c.objc; path = LKSideViewController.m; sourceTree = "<group>"; };
		830BFBBD1A0FB32D00F9C036 /* RegistViewController.h */ = {isa = PBXFileReference; fileEncoding = 4; lastKnownFileType = sourcecode.c.h; path = RegistViewController.h; sourceTree = "<group>"; };
		830BFBBE1A0FB32D00F9C036 /* RegistViewController.m */ = {isa = PBXFileReference; fileEncoding = 4; lastKnownFileType = sourcecode.c.objc; path = RegistViewController.m; sourceTree = "<group>"; };
		831FBE401A1A45AB002F3C36 /* intro.txt */ = {isa = PBXFileReference; fileEncoding = 4; lastKnownFileType = text; path = intro.txt; sourceTree = "<group>"; };
		831FBE421A1A4D77002F3C36 /* professors.json */ = {isa = PBXFileReference; fileEncoding = 4; lastKnownFileType = text.json; path = professors.json; sourceTree = "<group>"; };
		831FBE451A1AFF06002F3C36 /* BoardViewController.h */ = {isa = PBXFileReference; fileEncoding = 4; lastKnownFileType = sourcecode.c.h; path = BoardViewController.h; sourceTree = "<group>"; };
		831FBE461A1AFF06002F3C36 /* BoardViewController.m */ = {isa = PBXFileReference; fileEncoding = 4; lastKnownFileType = sourcecode.c.objc; path = BoardViewController.m; sourceTree = "<group>"; };
		831FBE481A1AFF5B002F3C36 /* BoardCell.h */ = {isa = PBXFileReference; fileEncoding = 4; lastKnownFileType = sourcecode.c.h; path = BoardCell.h; sourceTree = "<group>"; };
		831FBE491A1AFF5B002F3C36 /* BoardCell.m */ = {isa = PBXFileReference; fileEncoding = 4; lastKnownFileType = sourcecode.c.objc; path = BoardCell.m; sourceTree = "<group>"; };
		833286541A1911CD0095A0DE /* LKSegmentControl.h */ = {isa = PBXFileReference; fileEncoding = 4; lastKnownFileType = sourcecode.c.h; path = LKSegmentControl.h; sourceTree = "<group>"; };
		833286551A1911CD0095A0DE /* LKSegmentControl.m */ = {isa = PBXFileReference; fileEncoding = 4; lastKnownFileType = sourcecode.c.objc; path = LKSegmentControl.m; sourceTree = "<group>"; };
		833286581A1914EB0095A0DE /* LKButton.h */ = {isa = PBXFileReference; fileEncoding = 4; lastKnownFileType = sourcecode.c.h; path = LKButton.h; sourceTree = "<group>"; };
		833286591A1914EB0095A0DE /* LKButton.m */ = {isa = PBXFileReference; fileEncoding = 4; lastKnownFileType = sourcecode.c.objc; path = LKButton.m; sourceTree = "<group>"; };
		8332865C1A1A36DC0095A0DE /* GreetingCell.h */ = {isa = PBXFileReference; fileEncoding = 4; lastKnownFileType = sourcecode.c.h; path = GreetingCell.h; sourceTree = "<group>"; };
		8332865D1A1A36DC0095A0DE /* GreetingCell.m */ = {isa = PBXFileReference; fileEncoding = 4; lastKnownFileType = sourcecode.c.objc; path = GreetingCell.m; sourceTree = "<group>"; };
		8332865F1A1A43680095A0DE /* IntroCell.h */ = {isa = PBXFileReference; fileEncoding = 4; lastKnownFileType = sourcecode.c.h; path = IntroCell.h; sourceTree = "<group>"; };
		833286601A1A43680095A0DE /* IntroCell.m */ = {isa = PBXFileReference; fileEncoding = 4; lastKnownFileType = sourcecode.c.objc; path = IntroCell.m; sourceTree = "<group>"; };
		833286621A1A43700095A0DE /* MemberCell.h */ = {isa = PBXFileReference; fileEncoding = 4; lastKnownFileType = sourcecode.c.h; path = MemberCell.h; sourceTree = "<group>"; };
		833286631A1A43700095A0DE /* MemberCell.m */ = {isa = PBXFileReference; fileEncoding = 4; lastKnownFileType = sourcecode.c.objc; path = MemberCell.m; sourceTree = "<group>"; };
		836962B41A1910A1009BC7AC /* IntroViewController.h */ = {isa = PBXFileReference; fileEncoding = 4; lastKnownFileType = sourcecode.c.h; path = IntroViewController.h; sourceTree = "<group>"; };
		836962B51A1910A1009BC7AC /* IntroViewController.m */ = {isa = PBXFileReference; fileEncoding = 4; lastKnownFileType = sourcecode.c.objc; path = IntroViewController.m; sourceTree = "<group>"; };
		83807F191A15A9B800071612 /* UIImage+Async.h */ = {isa = PBXFileReference; fileEncoding = 4; lastKnownFileType = sourcecode.c.h; path = "UIImage+Async.h"; sourceTree = "<group>"; };
		83807F1A1A15A9B800071612 /* UIImage+Async.m */ = {isa = PBXFileReference; fileEncoding = 4; lastKnownFileType = sourcecode.c.objc; path = "UIImage+Async.m"; sourceTree = "<group>"; };
		8385C3A21A2038010059E95B /* KakaoOpenSDK.framework */ = {isa = PBXFileReference; lastKnownFileType = wrapper.framework; path = KakaoOpenSDK.framework; sourceTree = "<group>"; };
		8385C3A41A203E430059E95B /* LKChatView.h */ = {isa = PBXFileReference; fileEncoding = 4; lastKnownFileType = sourcecode.c.h; path = LKChatView.h; sourceTree = "<group>"; };
		8385C3A51A203E430059E95B /* LKChatView.m */ = {isa = PBXFileReference; fileEncoding = 4; lastKnownFileType = sourcecode.c.objc; path = LKChatView.m; sourceTree = "<group>"; };
		8385C3A71A2041390059E95B /* LKChatTableView.h */ = {isa = PBXFileReference; fileEncoding = 4; lastKnownFileType = sourcecode.c.h; path = LKChatTableView.h; sourceTree = "<group>"; };
		8385C3A81A2041390059E95B /* LKChatTableView.m */ = {isa = PBXFileReference; fileEncoding = 4; lastKnownFileType = sourcecode.c.objc; path = LKChatTableView.m; sourceTree = "<group>"; };
		8385C3AB1A207BE80059E95B /* GraduationViewController.h */ = {isa = PBXFileReference; fileEncoding = 4; lastKnownFileType = sourcecode.c.h; path = GraduationViewController.h; sourceTree = "<group>"; };
		8385C3AC1A207BE80059E95B /* GraduationViewController.m */ = {isa = PBXFileReference; fileEncoding = 4; lastKnownFileType = sourcecode.c.objc; path = GraduationViewController.m; sourceTree = "<group>"; };
		8385C3AF1A207C3D0059E95B /* GraduationCell.h */ = {isa = PBXFileReference; fileEncoding = 4; lastKnownFileType = sourcecode.c.h; path = GraduationCell.h; sourceTree = "<group>"; };
		8385C3B01A207C3D0059E95B /* GraduationCell.m */ = {isa = PBXFileReference; fileEncoding = 4; lastKnownFileType = sourcecode.c.objc; path = GraduationCell.m; sourceTree = "<group>"; };
		8390AE191A0B2FDA00C69020 /* res */ = {isa = PBXFileReference; lastKnownFileType = folder; path = res; sourceTree = "<group>"; };
		8390AE1B1A0B3D9800C69020 /* Images.xcassets */ = {isa = PBXFileReference; lastKnownFileType = folder.assetcatalog; path = Images.xcassets; sourceTree = "<group>"; };
		83AC00D71A1BB4630040B5BD /* LKLoadingView.h */ = {isa = PBXFileReference; fileEncoding = 4; lastKnownFileType = sourcecode.c.h; path = LKLoadingView.h; sourceTree = "<group>"; };
		83AC00D81A1BB4630040B5BD /* LKLoadingView.m */ = {isa = PBXFileReference; fileEncoding = 4; lastKnownFileType = sourcecode.c.objc; path = LKLoadingView.m; sourceTree = "<group>"; };
		83AC00FB1A1C5B030040B5BD /* BoardDetailViewController.h */ = {isa = PBXFileReference; fileEncoding = 4; lastKnownFileType = sourcecode.c.h; path = BoardDetailViewController.h; sourceTree = "<group>"; };
		83AC00FC1A1C5B030040B5BD /* BoardDetailViewController.m */ = {isa = PBXFileReference; fileEncoding = 4; lastKnownFileType = sourcecode.c.objc; path = BoardDetailViewController.m; sourceTree = "<group>"; };
		83AC00FE1A1D725D0040B5BD /* BoardDetailCell.h */ = {isa = PBXFileReference; fileEncoding = 4; lastKnownFileType = sourcecode.c.h; path = BoardDetailCell.h; sourceTree = "<group>"; };
		83AC00FF1A1D725D0040B5BD /* BoardDetailCell.m */ = {isa = PBXFileReference; fileEncoding = 4; lastKnownFileType = sourcecode.c.objc; path = BoardDetailCell.m; sourceTree = "<group>"; };
		83B0BBC01A22EEE600438379 /* RentalCell.h */ = {isa = PBXFileReference; fileEncoding = 4; lastKnownFileType = sourcecode.c.h; path = RentalCell.h; sourceTree = "<group>"; };
		83B0BBC11A22EEE600438379 /* RentalCell.m */ = {isa = PBXFileReference; fileEncoding = 4; lastKnownFileType = sourcecode.c.objc; path = RentalCell.m; sourceTree = "<group>"; };
		83B0BBC31A231A0700438379 /* RentalDetailViewController.h */ = {isa = PBXFileReference; fileEncoding = 4; lastKnownFileType = sourcecode.c.h; path = RentalDetailViewController.h; sourceTree = "<group>"; };
		83B0BBC41A231A0700438379 /* RentalDetailViewController.m */ = {isa = PBXFileReference; fileEncoding = 4; lastKnownFileType = sourcecode.c.objc; path = RentalDetailViewController.m; sourceTree = "<group>"; };
		83B0BBC61A23A5B300438379 /* RentalStatusCell.h */ = {isa = PBXFileReference; fileEncoding = 4; lastKnownFileType = sourcecode.c.h; path = RentalStatusCell.h; sourceTree = "<group>"; };
		83B0BBC71A23A5B300438379 /* RentalStatusCell.m */ = {isa = PBXFileReference; fileEncoding = 4; lastKnownFileType = sourcecode.c.objc; path = RentalStatusCell.m; sourceTree = "<group>"; };
		83B0BBC91A23A79E00438379 /* RentalAdminCell.h */ = {isa = PBXFileReference; fileEncoding = 4; lastKnownFileType = sourcecode.c.h; path = RentalAdminCell.h; sourceTree = "<group>"; };
		83B0BBCA1A23A79E00438379 /* RentalAdminCell.m */ = {isa = PBXFileReference; fileEncoding = 4; lastKnownFileType = sourcecode.c.objc; path = RentalAdminCell.m; sourceTree = "<group>"; };
		83B0BBCC1A23B77D00438379 /* CounselViewController.h */ = {isa = PBXFileReference; fileEncoding = 4; lastKnownFileType = sourcecode.c.h; path = CounselViewController.h; sourceTree = "<group>"; };
		83B0BBCD1A23B77D00438379 /* CounselViewController.m */ = {isa = PBXFileReference; fileEncoding = 4; lastKnownFileType = sourcecode.c.objc; path = CounselViewController.m; sourceTree = "<group>"; };
		83B0BBD01A24187B00438379 /* CounselPeopleCell.h */ = {isa = PBXFileReference; fileEncoding = 4; lastKnownFileType = sourcecode.c.h; path = CounselPeopleCell.h; sourceTree = "<group>"; };
		83B0BBD11A24187B00438379 /* CounselPeopleCell.m */ = {isa = PBXFileReference; fileEncoding = 4; lastKnownFileType = sourcecode.c.objc; path = CounselPeopleCell.m; sourceTree = "<group>"; };
		83B0BBD31A24188D00438379 /* CounselRoomCell.h */ = {isa = PBXFileReference; fileEncoding = 4; lastKnownFileType = sourcecode.c.h; path = CounselRoomCell.h; sourceTree = "<group>"; };
		83B0BBD41A24188D00438379 /* CounselRoomCell.m */ = {isa = PBXFileReference; fileEncoding = 4; lastKnownFileType = sourcecode.c.objc; path = CounselRoomCell.m; sourceTree = "<group>"; };
		83B0BBD61A241F2600438379 /* ChatViewController.h */ = {isa = PBXFileReference; fileEncoding = 4; lastKnownFileType = sourcecode.c.h; path = ChatViewController.h; sourceTree = "<group>"; };
		83B0BBD71A241F2600438379 /* ChatViewController.m */ = {isa = PBXFileReference; fileEncoding = 4; lastKnownFileType = sourcecode.c.objc; path = ChatViewController.m; sourceTree = "<group>"; };
		83B0BBD91A24216E00438379 /* CounselSenderCell.h */ = {isa = PBXFileReference; fileEncoding = 4; lastKnownFileType = sourcecode.c.h; path = CounselSenderCell.h; sourceTree = "<group>"; };
		83B0BBDA1A24216E00438379 /* CounselSenderCell.m */ = {isa = PBXFileReference; fileEncoding = 4; lastKnownFileType = sourcecode.c.objc; path = CounselSenderCell.m; sourceTree = "<group>"; };
		83B0BBDC1A24217D00438379 /* CounselMyCell.h */ = {isa = PBXFileReference; fileEncoding = 4; lastKnownFileType = sourcecode.c.h; path = CounselMyCell.h; sourceTree = "<group>"; };
		83B0BBDD1A24217D00438379 /* CounselMyCell.m */ = {isa = PBXFileReference; fileEncoding = 4; lastKnownFileType = sourcecode.c.objc; path = CounselMyCell.m; sourceTree = "<group>"; };
		83B83EBD1A1DBDE4002CD7D9 /* BoardCommentCell.h */ = {isa = PBXFileReference; fileEncoding = 4; lastKnownFileType = sourcecode.c.h; path = BoardCommentCell.h; sourceTree = "<group>"; };
		83B83EBE1A1DBDE4002CD7D9 /* BoardCommentCell.m */ = {isa = PBXFileReference; fileEncoding = 4; lastKnownFileType = sourcecode.c.objc; path = BoardCommentCell.m; sourceTree = "<group>"; };
		83BAEDA71A09D16F00776368 /* CIC.app */ = {isa = PBXFileReference; explicitFileType = wrapper.application; includeInIndex = 0; path = CIC.app; sourceTree = BUILT_PRODUCTS_DIR; };
		83BAEDAB1A09D16F00776368 /* Info.plist */ = {isa = PBXFileReference; lastKnownFileType = text.plist.xml; path = Info.plist; sourceTree = "<group>"; };
		83BAEDAC1A09D16F00776368 /* main.m */ = {isa = PBXFileReference; lastKnownFileType = sourcecode.c.objc; path = main.m; sourceTree = "<group>"; };
		83BAEDAE1A09D16F00776368 /* AppDelegate.h */ = {isa = PBXFileReference; lastKnownFileType = sourcecode.c.h; path = AppDelegate.h; sourceTree = "<group>"; };
		83BAEDAF1A09D16F00776368 /* AppDelegate.m */ = {isa = PBXFileReference; lastKnownFileType = sourcecode.c.objc; path = AppDelegate.m; sourceTree = "<group>"; };
		83BAEDB11A09D16F00776368 /* LoginViewController.h */ = {isa = PBXFileReference; lastKnownFileType = sourcecode.c.h; path = LoginViewController.h; sourceTree = "<group>"; };
		83BAEDB21A09D16F00776368 /* LoginViewController.m */ = {isa = PBXFileReference; lastKnownFileType = sourcecode.c.objc; path = LoginViewController.m; sourceTree = "<group>"; };
		83BAEDB51A09D16F00776368 /* Base */ = {isa = PBXFileReference; lastKnownFileType = file.storyboard; name = Base; path = Base.lproj/Main.storyboard; sourceTree = "<group>"; };
		83BAEDBA1A09D16F00776368 /* Base */ = {isa = PBXFileReference; lastKnownFileType = file.xib; name = Base; path = Base.lproj/LaunchScreen.xib; sourceTree = "<group>"; };
		83BAEDC01A09D16F00776368 /* CICTests.xctest */ = {isa = PBXFileReference; explicitFileType = wrapper.cfbundle; includeInIndex = 0; path = CICTests.xctest; sourceTree = BUILT_PRODUCTS_DIR; };
		83BAEDC51A09D16F00776368 /* Info.plist */ = {isa = PBXFileReference; lastKnownFileType = text.plist.xml; path = Info.plist; sourceTree = "<group>"; };
		83BAEDC61A09D16F00776368 /* CICTests.m */ = {isa = PBXFileReference; lastKnownFileType = sourcecode.c.objc; path = CICTests.m; sourceTree = "<group>"; };
		83BAEDD61A09D9A400776368 /* LKHttpRequest.h */ = {isa = PBXFileReference; fileEncoding = 4; lastKnownFileType = sourcecode.c.h; path = LKHttpRequest.h; sourceTree = "<group>"; };
		83BAEDD71A09D9A400776368 /* LKHttpRequest.m */ = {isa = PBXFileReference; fileEncoding = 4; lastKnownFileType = sourcecode.c.objc; path = LKHttpRequest.m; sourceTree = "<group>"; };
		83C2C92C1A0B432E00FD292B /* LKViewController.h */ = {isa = PBXFileReference; fileEncoding = 4; lastKnownFileType = sourcecode.c.h; path = LKViewController.h; sourceTree = "<group>"; };
		83C2C92D1A0B432E00FD292B /* LKViewController.m */ = {isa = PBXFileReference; fileEncoding = 4; lastKnownFileType = sourcecode.c.objc; path = LKViewController.m; sourceTree = "<group>"; };
		83C6FB531A13A154003CD71B /* AgreementViewController.h */ = {isa = PBXFileReference; fileEncoding = 4; lastKnownFileType = sourcecode.c.h; path = AgreementViewController.h; sourceTree = "<group>"; };
		83C6FB541A13A154003CD71B /* AgreementViewController.m */ = {isa = PBXFileReference; fileEncoding = 4; lastKnownFileType = sourcecode.c.objc; path = AgreementViewController.m; sourceTree = "<group>"; };
		83C6FB561A13A6F9003CD71B /* AgreementContentsViewController.h */ = {isa = PBXFileReference; fileEncoding = 4; lastKnownFileType = sourcecode.c.h; path = AgreementContentsViewController.h; sourceTree = "<group>"; };
		83C6FB571A13A6F9003CD71B /* AgreementContentsViewController.m */ = {isa = PBXFileReference; fileEncoding = 4; lastKnownFileType = sourcecode.c.objc; path = AgreementContentsViewController.m; sourceTree = "<group>"; };
		83C6FB5B1A13ABF7003CD71B /* agreement_2.txt */ = {isa = PBXFileReference; fileEncoding = 4; lastKnownFileType = text; path = agreement_2.txt; sourceTree = "<group>"; };
		83C6FB5D1A13AC7D003CD71B /* agreement_1.txt */ = {isa = PBXFileReference; fileEncoding = 4; lastKnownFileType = text; path = agreement_1.txt; sourceTree = "<group>"; };
		83C6FB5F1A14F4BE003CD71B /* LKProgressView.h */ = {isa = PBXFileReference; fileEncoding = 4; lastKnownFileType = sourcecode.c.h; path = LKProgressView.h; sourceTree = "<group>"; };
		83C6FB601A14F4BE003CD71B /* LKProgressView.m */ = {isa = PBXFileReference; fileEncoding = 4; lastKnownFileType = sourcecode.c.objc; path = LKProgressView.m; sourceTree = "<group>"; };
		83D109B21A21DA400011E3F6 /* graduation.json */ = {isa = PBXFileReference; fileEncoding = 4; lastKnownFileType = text.json; path = graduation.json; sourceTree = "<group>"; };
		83D109B41A21DB470011E3F6 /* UserScrollView.h */ = {isa = PBXFileReference; fileEncoding = 4; lastKnownFileType = sourcecode.c.h; path = UserScrollView.h; sourceTree = "<group>"; };
		83D109B51A21DB470011E3F6 /* UserScrollView.m */ = {isa = PBXFileReference; fileEncoding = 4; lastKnownFileType = sourcecode.c.objc; path = UserScrollView.m; sourceTree = "<group>"; };
		83D109B71A21DB590011E3F6 /* GraduationDetailCell.h */ = {isa = PBXFileReference; fileEncoding = 4; lastKnownFileType = sourcecode.c.h; path = GraduationDetailCell.h; sourceTree = "<group>"; };
		83D109B81A21DB590011E3F6 /* GraduationDetailCell.m */ = {isa = PBXFileReference; fileEncoding = 4; lastKnownFileType = sourcecode.c.objc; path = GraduationDetailCell.m; sourceTree = "<group>"; };
		83D109BA1A21DBDA0011E3F6 /* GraduationDetailViewController.h */ = {isa = PBXFileReference; fileEncoding = 4; lastKnownFileType = sourcecode.c.h; path = GraduationDetailViewController.h; sourceTree = "<group>"; };
		83D109BB1A21DBDA0011E3F6 /* GraduationDetailViewController.m */ = {isa = PBXFileReference; fileEncoding = 4; lastKnownFileType = sourcecode.c.objc; path = GraduationDetailViewController.m; sourceTree = "<group>"; };
		83D109BD1A21F2440011E3F6 /* GraduationPosterViewController.h */ = {isa = PBXFileReference; fileEncoding = 4; lastKnownFileType = sourcecode.c.h; path = GraduationPosterViewController.h; sourceTree = "<group>"; };
		83D109BE1A21F2440011E3F6 /* GraduationPosterViewController.m */ = {isa = PBXFileReference; fileEncoding = 4; lastKnownFileType = sourcecode.c.objc; path = GraduationPosterViewController.m; sourceTree = "<group>"; };
		83D109C01A22178D0011E3F6 /* GraduationMiddleCell.h */ = {isa = PBXFileReference; fileEncoding = 4; lastKnownFileType = sourcecode.c.h; path = GraduationMiddleCell.h; sourceTree = "<group>"; };
		83D109C11A22178D0011E3F6 /* GraduationMiddleCell.m */ = {isa = PBXFileReference; fileEncoding = 4; lastKnownFileType = sourcecode.c.objc; path = GraduationMiddleCell.m; sourceTree = "<group>"; };
		83D109C31A2217980011E3F6 /* GraduationBottomCell.h */ = {isa = PBXFileReference; fileEncoding = 4; lastKnownFileType = sourcecode.c.h; path = GraduationBottomCell.h; sourceTree = "<group>"; };
		83D109C41A2217980011E3F6 /* GraduationBottomCell.m */ = {isa = PBXFileReference; fileEncoding = 4; lastKnownFileType = sourcecode.c.objc; path = GraduationBottomCell.m; sourceTree = "<group>"; };
		83D109C71A2220730011E3F6 /* RentalViewController.h */ = {isa = PBXFileReference; fileEncoding = 4; lastKnownFileType = sourcecode.c.h; path = RentalViewController.h; sourceTree = "<group>"; };
		83D109C81A2220730011E3F6 /* RentalViewController.m */ = {isa = PBXFileReference; fileEncoding = 4; lastKnownFileType = sourcecode.c.objc; path = RentalViewController.m; sourceTree = "<group>"; };
/* End PBXFileReference section */

/* Begin PBXFrameworksBuildPhase section */
		83BAEDA41A09D16F00776368 /* Frameworks */ = {
			isa = PBXFrameworksBuildPhase;
			buildActionMask = 2147483647;
			files = (
				8385C3A31A2038010059E95B /* KakaoOpenSDK.framework in Frameworks */,
			);
			runOnlyForDeploymentPostprocessing = 0;
		};
		83BAEDBD1A09D16F00776368 /* Frameworks */ = {
			isa = PBXFrameworksBuildPhase;
			buildActionMask = 2147483647;
			files = (
			);
			runOnlyForDeploymentPostprocessing = 0;
		};
/* End PBXFrameworksBuildPhase section */

/* Begin PBXGroup section */
		830BFB691A0F7C8F00F9C036 /* LKView */ = {
			isa = PBXGroup;
			children = (
				830BFB6A1A0F7CAD00F9C036 /* LKView.h */,
				830BFB6B1A0F7CAD00F9C036 /* LKView.m */,
				8385C3A41A203E430059E95B /* LKChatView.h */,
				8385C3A51A203E430059E95B /* LKChatView.m */,
				8385C3A71A2041390059E95B /* LKChatTableView.h */,
				8385C3A81A2041390059E95B /* LKChatTableView.m */,
			);
			name = LKView;
			sourceTree = "<group>";
		};
		830BFB6E1A0F903300F9C036 /* FlatKit */ = {
			isa = PBXGroup;
			children = (
				830BFB6F1A0F903300F9C036 /* FlatUIKit.h */,
				830BFB701A0F903300F9C036 /* FUIAlertView.h */,
				830BFB711A0F903300F9C036 /* FUIAlertView.m */,
				830BFB721A0F903300F9C036 /* FUIButton.h */,
				830BFB731A0F903300F9C036 /* FUIButton.m */,
				830BFB741A0F903300F9C036 /* FUICellBackgroundView.h */,
				830BFB751A0F903300F9C036 /* FUICellBackgroundView.m */,
				830BFB761A0F903300F9C036 /* FUIPopoverBackgroundView.h */,
				830BFB771A0F903300F9C036 /* FUIPopoverBackgroundView.m */,
				830BFB781A0F903300F9C036 /* FUISegmentedControl.h */,
				830BFB791A0F903300F9C036 /* FUISegmentedControl.m */,
				830BFB7A1A0F903300F9C036 /* FUISwitch.h */,
				830BFB7B1A0F903300F9C036 /* FUISwitch.m */,
				830BFB7C1A0F903300F9C036 /* FUITextField.h */,
				830BFB7D1A0F903300F9C036 /* FUITextField.m */,
				830BFB7E1A0F903300F9C036 /* UIBarButtonItem+FlatUI.h */,
				830BFB7F1A0F903300F9C036 /* UIBarButtonItem+FlatUI.m */,
				830BFB801A0F903300F9C036 /* UIColor+FlatUI.h */,
				830BFB811A0F903300F9C036 /* UIColor+FlatUI.m */,
				830BFB821A0F903300F9C036 /* UIFont+FlatUI.h */,
				830BFB831A0F903300F9C036 /* UIFont+FlatUI.m */,
				830BFB841A0F903300F9C036 /* UIImage+FlatUI.h */,
				830BFB851A0F903300F9C036 /* UIImage+FlatUI.m */,
				830BFB861A0F903300F9C036 /* UINavigationBar+FlatUI.h */,
				830BFB871A0F903300F9C036 /* UINavigationBar+FlatUI.m */,
				830BFB881A0F903300F9C036 /* UIPopoverController+FlatUI.h */,
				830BFB891A0F903300F9C036 /* UIPopoverController+FlatUI.m */,
				830BFB8A1A0F903300F9C036 /* UIProgressView+FlatUI.h */,
				830BFB8B1A0F903300F9C036 /* UIProgressView+FlatUI.m */,
				830BFB8C1A0F903300F9C036 /* UISlider+FlatUI.h */,
				830BFB8D1A0F903300F9C036 /* UISlider+FlatUI.m */,
				830BFB8E1A0F903300F9C036 /* UIStepper+FlatUI.h */,
				830BFB8F1A0F903300F9C036 /* UIStepper+FlatUI.m */,
				830BFB901A0F903300F9C036 /* UITabBar+FlatUI.h */,
				830BFB911A0F903300F9C036 /* UITabBar+FlatUI.m */,
				830BFB921A0F903300F9C036 /* UITableViewCell+FlatUI.h */,
				830BFB931A0F903300F9C036 /* UITableViewCell+FlatUI.m */,
				830BFB941A0F903300F9C036 /* UIToolbar+FlatUI.h */,
				830BFB951A0F903300F9C036 /* UIToolbar+FlatUI.m */,
			);
			path = FlatKit;
			sourceTree = "<group>";
		};
		830BFBA91A0F98F500F9C036 /* LoginViewController */ = {
			isa = PBXGroup;
			children = (
				83BAEDB11A09D16F00776368 /* LoginViewController.h */,
				83BAEDB21A09D16F00776368 /* LoginViewController.m */,
			);
			name = LoginViewController;
			sourceTree = "<group>";
		};
		830BFBAA1A0F990500F9C036 /* MainViewController */ = {
			isa = PBXGroup;
			children = (
				830BFBAB1A0F991A00F9C036 /* MainViewController.h */,
				830BFBAC1A0F991A00F9C036 /* MainViewController.m */,
			);
			name = MainViewController;
			sourceTree = "<group>";
		};
		830BFBB11A0FA8B700F9C036 /* JASidePanel */ = {
			isa = PBXGroup;
			children = (
				830BFBB21A0FA8B700F9C036 /* JASidePanelController.h */,
				830BFBB31A0FA8B700F9C036 /* JASidePanelController.m */,
				830BFBB41A0FA8B700F9C036 /* UIViewController+JASidePanel.h */,
				830BFBB51A0FA8B700F9C036 /* UIViewController+JASidePanel.m */,
			);
			path = JASidePanel;
			sourceTree = "<group>";
		};
		830BFBB81A0FA94200F9C036 /* RegistViewController */ = {
			isa = PBXGroup;
			children = (
				83C6FB5D1A13AC7D003CD71B /* agreement_1.txt */,
				83C6FB5B1A13ABF7003CD71B /* agreement_2.txt */,
				830BFBBD1A0FB32D00F9C036 /* RegistViewController.h */,
				830BFBBE1A0FB32D00F9C036 /* RegistViewController.m */,
				83C6FB531A13A154003CD71B /* AgreementViewController.h */,
				83C6FB541A13A154003CD71B /* AgreementViewController.m */,
				83C6FB561A13A6F9003CD71B /* AgreementContentsViewController.h */,
				83C6FB571A13A6F9003CD71B /* AgreementContentsViewController.m */,
			);
			name = RegistViewController;
			sourceTree = "<group>";
		};
		830BFBB91A0FA96B00F9C036 /* LKSideView */ = {
			isa = PBXGroup;
			children = (
				830BFBBA1A0FA99B00F9C036 /* LKSideViewController.h */,
				830BFBBB1A0FA99B00F9C036 /* LKSideViewController.m */,
			);
			name = LKSideView;
			sourceTree = "<group>";
		};
		831FBE441A1AFEE7002F3C36 /* RentalViewController */ = {
			isa = PBXGroup;
			children = (
				83B0BBBF1A22EEAF00438379 /* Cell */,
				83D109C71A2220730011E3F6 /* RentalViewController.h */,
				83D109C81A2220730011E3F6 /* RentalViewController.m */,
				83B0BBC31A231A0700438379 /* RentalDetailViewController.h */,
				83B0BBC41A231A0700438379 /* RentalDetailViewController.m */,
			);
			name = RentalViewController;
			sourceTree = "<group>";
		};
		831FBE4B1A1AFF5E002F3C36 /* BoardCell */ = {
			isa = PBXGroup;
			children = (
				831FBE481A1AFF5B002F3C36 /* BoardCell.h */,
				831FBE491A1AFF5B002F3C36 /* BoardCell.m */,
				83AC00FE1A1D725D0040B5BD /* BoardDetailCell.h */,
				83AC00FF1A1D725D0040B5BD /* BoardDetailCell.m */,
				83B83EBD1A1DBDE4002CD7D9 /* BoardCommentCell.h */,
				83B83EBE1A1DBDE4002CD7D9 /* BoardCommentCell.m */,
			);
			name = BoardCell;
			sourceTree = "<group>";
		};
		833286531A1911A20095A0DE /* LKSegementControl */ = {
			isa = PBXGroup;
			children = (
				833286541A1911CD0095A0DE /* LKSegmentControl.h */,
				833286551A1911CD0095A0DE /* LKSegmentControl.m */,
			);
			name = LKSegementControl;
			sourceTree = "<group>";
		};
		833286571A1914C90095A0DE /* LKButton */ = {
			isa = PBXGroup;
			children = (
				833286581A1914EB0095A0DE /* LKButton.h */,
				833286591A1914EB0095A0DE /* LKButton.m */,
			);
			name = LKButton;
			sourceTree = "<group>";
		};
		8332865B1A1A36B60095A0DE /* Cell */ = {
			isa = PBXGroup;
			children = (
				8332865C1A1A36DC0095A0DE /* GreetingCell.h */,
				8332865D1A1A36DC0095A0DE /* GreetingCell.m */,
				8332865F1A1A43680095A0DE /* IntroCell.h */,
				833286601A1A43680095A0DE /* IntroCell.m */,
				833286621A1A43700095A0DE /* MemberCell.h */,
				833286631A1A43700095A0DE /* MemberCell.m */,
			);
			name = Cell;
			sourceTree = "<group>";
		};
		836962B31A19108E009BC7AC /* Intro */ = {
			isa = PBXGroup;
			children = (
				831FBE421A1A4D77002F3C36 /* professors.json */,
				831FBE401A1A45AB002F3C36 /* intro.txt */,
				8332865B1A1A36B60095A0DE /* Cell */,
				836962B41A1910A1009BC7AC /* IntroViewController.h */,
				836962B51A1910A1009BC7AC /* IntroViewController.m */,
			);
			name = Intro;
			sourceTree = "<group>";
		};
		83807F181A15A83600071612 /* Category */ = {
			isa = PBXGroup;
			children = (
				83807F191A15A9B800071612 /* UIImage+Async.h */,
				83807F1A1A15A9B800071612 /* UIImage+Async.m */,
			);
			name = Category;
			sourceTree = "<group>";
		};
		83807F1C1A15B43700071612 /* BoardViewController */ = {
			isa = PBXGroup;
			children = (
				831FBE4B1A1AFF5E002F3C36 /* BoardCell */,
				831FBE451A1AFF06002F3C36 /* BoardViewController.h */,
				831FBE461A1AFF06002F3C36 /* BoardViewController.m */,
				83AC00FB1A1C5B030040B5BD /* BoardDetailViewController.h */,
				83AC00FC1A1C5B030040B5BD /* BoardDetailViewController.m */,
			);
			name = BoardViewController;
			sourceTree = "<group>";
		};
		8385C3AA1A2078C00059E95B /* GraduateViewController */ = {
			isa = PBXGroup;
			children = (
				83D109B21A21DA400011E3F6 /* graduation.json */,
				8385C3AE1A207C300059E95B /* Cell */,
				8385C3AB1A207BE80059E95B /* GraduationViewController.h */,
				8385C3AC1A207BE80059E95B /* GraduationViewController.m */,
				83D109BA1A21DBDA0011E3F6 /* GraduationDetailViewController.h */,
				83D109BB1A21DBDA0011E3F6 /* GraduationDetailViewController.m */,
				83D109BD1A21F2440011E3F6 /* GraduationPosterViewController.h */,
				83D109BE1A21F2440011E3F6 /* GraduationPosterViewController.m */,
			);
			name = GraduateViewController;
			sourceTree = "<group>";
		};
		8385C3AE1A207C300059E95B /* Cell */ = {
			isa = PBXGroup;
			children = (
				8385C3AF1A207C3D0059E95B /* GraduationCell.h */,
				8385C3B01A207C3D0059E95B /* GraduationCell.m */,
				83D109B41A21DB470011E3F6 /* UserScrollView.h */,
				83D109B51A21DB470011E3F6 /* UserScrollView.m */,
				83D109B71A21DB590011E3F6 /* GraduationDetailCell.h */,
				83D109B81A21DB590011E3F6 /* GraduationDetailCell.m */,
				83D109C01A22178D0011E3F6 /* GraduationMiddleCell.h */,
				83D109C11A22178D0011E3F6 /* GraduationMiddleCell.m */,
				83D109C31A2217980011E3F6 /* GraduationBottomCell.h */,
				83D109C41A2217980011E3F6 /* GraduationBottomCell.m */,
			);
			name = Cell;
			sourceTree = "<group>";
		};
		83B0BBBF1A22EEAF00438379 /* Cell */ = {
			isa = PBXGroup;
			children = (
				83B0BBC01A22EEE600438379 /* RentalCell.h */,
				83B0BBC11A22EEE600438379 /* RentalCell.m */,
				83B0BBC61A23A5B300438379 /* RentalStatusCell.h */,
				83B0BBC71A23A5B300438379 /* RentalStatusCell.m */,
				83B0BBC91A23A79E00438379 /* RentalAdminCell.h */,
				83B0BBCA1A23A79E00438379 /* RentalAdminCell.m */,
			);
			name = Cell;
			sourceTree = "<group>";
		};
		83B0BBCF1A24186F00438379 /* Cell */ = {
			isa = PBXGroup;
			children = (
				83B0BBD01A24187B00438379 /* CounselPeopleCell.h */,
				83B0BBD11A24187B00438379 /* CounselPeopleCell.m */,
				83B0BBD31A24188D00438379 /* CounselRoomCell.h */,
				83B0BBD41A24188D00438379 /* CounselRoomCell.m */,
				83B0BBD91A24216E00438379 /* CounselSenderCell.h */,
				83B0BBDA1A24216E00438379 /* CounselSenderCell.m */,
				83B0BBDC1A24217D00438379 /* CounselMyCell.h */,
				83B0BBDD1A24217D00438379 /* CounselMyCell.m */,
			);
			name = Cell;
			sourceTree = "<group>";
		};
		83BAED9E1A09D16F00776368 = {
			isa = PBXGroup;
			children = (
				83BAEDA91A09D16F00776368 /* CIC */,
				83BAEDC31A09D16F00776368 /* CICTests */,
				83BAEDA81A09D16F00776368 /* Products */,
			);
			sourceTree = "<group>";
		};
		83BAEDA81A09D16F00776368 /* Products */ = {
			isa = PBXGroup;
			children = (
				83BAEDA71A09D16F00776368 /* CIC.app */,
				83BAEDC01A09D16F00776368 /* CICTests.xctest */,
			);
			name = Products;
			sourceTree = "<group>";
		};
		83BAEDA91A09D16F00776368 /* CIC */ = {
			isa = PBXGroup;
			children = (
				8390AE191A0B2FDA00C69020 /* res */,
				83BAEDD41A09D28B00776368 /* lib */,
				83BAEDD11A09D21300776368 /* src */,
				83BAEDB41A09D16F00776368 /* Main.storyboard */,
				83BAEDB91A09D16F00776368 /* LaunchScreen.xib */,
				8390AE1B1A0B3D9800C69020 /* Images.xcassets */,
				83BAEDAA1A09D16F00776368 /* Supporting Files */,
			);
			path = CIC;
			sourceTree = "<group>";
		};
		83BAEDAA1A09D16F00776368 /* Supporting Files */ = {
			isa = PBXGroup;
			children = (
				83BAEDAB1A09D16F00776368 /* Info.plist */,
				83BAEDAC1A09D16F00776368 /* main.m */,
			);
			name = "Supporting Files";
			sourceTree = "<group>";
		};
		83BAEDC31A09D16F00776368 /* CICTests */ = {
			isa = PBXGroup;
			children = (
				83BAEDC61A09D16F00776368 /* CICTests.m */,
				83BAEDC41A09D16F00776368 /* Supporting Files */,
			);
			path = CICTests;
			sourceTree = "<group>";
		};
		83BAEDC41A09D16F00776368 /* Supporting Files */ = {
			isa = PBXGroup;
			children = (
				83BAEDC51A09D16F00776368 /* Info.plist */,
			);
			name = "Supporting Files";
			sourceTree = "<group>";
		};
		83BAEDD11A09D21300776368 /* src */ = {
			isa = PBXGroup;
			children = (
				830BFB6D1A0F84A600F9C036 /* Define.h */,
				83BAEDD21A09D22200776368 /* Root */,
				830BFBA91A0F98F500F9C036 /* LoginViewController */,
				830BFBAA1A0F990500F9C036 /* MainViewController */,
				830BFBB81A0FA94200F9C036 /* RegistViewController */,
				836962B31A19108E009BC7AC /* Intro */,
				83807F1C1A15B43700071612 /* BoardViewController */,
				831FBE441A1AFEE7002F3C36 /* RentalViewController */,
				8385C3AA1A2078C00059E95B /* GraduateViewController */,
				83D109C61A2220380011E3F6 /* Counsel */,
			);
			name = src;
			sourceTree = "<group>";
		};
		83BAEDD21A09D22200776368 /* Root */ = {
			isa = PBXGroup;
			children = (
				83BAEDAE1A09D16F00776368 /* AppDelegate.h */,
				83BAEDAF1A09D16F00776368 /* AppDelegate.m */,
			);
			name = Root;
			sourceTree = "<group>";
		};
		83BAEDD41A09D28B00776368 /* lib */ = {
			isa = PBXGroup;
			children = (
				8385C3A21A2038010059E95B /* KakaoOpenSDK.framework */,
				833286571A1914C90095A0DE /* LKButton */,
				833286531A1911A20095A0DE /* LKSegementControl */,
				83807F181A15A83600071612 /* Category */,
				830BFBB91A0FA96B00F9C036 /* LKSideView */,
				830BFBB11A0FA8B700F9C036 /* JASidePanel */,
				830BFB6E1A0F903300F9C036 /* FlatKit */,
				83C2C92A1A0B427B00FD292B /* LKHTTPRequest */,
				83C2C92B1A0B428A00FD292B /* LKViewController */,
				830BFB691A0F7C8F00F9C036 /* LKView */,
			);
			path = lib;
			sourceTree = "<group>";
		};
		83C2C92A1A0B427B00FD292B /* LKHTTPRequest */ = {
			isa = PBXGroup;
			children = (
				83BAEDD61A09D9A400776368 /* LKHttpRequest.h */,
				83BAEDD71A09D9A400776368 /* LKHttpRequest.m */,
				83C6FB5F1A14F4BE003CD71B /* LKProgressView.h */,
				83C6FB601A14F4BE003CD71B /* LKProgressView.m */,
				83AC00D71A1BB4630040B5BD /* LKLoadingView.h */,
				83AC00D81A1BB4630040B5BD /* LKLoadingView.m */,
			);
			name = LKHTTPRequest;
			sourceTree = "<group>";
		};
		83C2C92B1A0B428A00FD292B /* LKViewController */ = {
			isa = PBXGroup;
			children = (
				83C2C92C1A0B432E00FD292B /* LKViewController.h */,
				83C2C92D1A0B432E00FD292B /* LKViewController.m */,
			);
			name = LKViewController;
			sourceTree = "<group>";
		};
		83D109C61A2220380011E3F6 /* Counsel */ = {
			isa = PBXGroup;
			children = (
				83B0BBCF1A24186F00438379 /* Cell */,
				83B0BBCC1A23B77D00438379 /* CounselViewController.h */,
				83B0BBCD1A23B77D00438379 /* CounselViewController.m */,
				83B0BBD61A241F2600438379 /* ChatViewController.h */,
				83B0BBD71A241F2600438379 /* ChatViewController.m */,
			);
			name = Counsel;
			sourceTree = "<group>";
		};
/* End PBXGroup section */

/* Begin PBXNativeTarget section */
		83BAEDA61A09D16F00776368 /* CIC */ = {
			isa = PBXNativeTarget;
			buildConfigurationList = 83BAEDCA1A09D16F00776368 /* Build configuration list for PBXNativeTarget "CIC" */;
			buildPhases = (
				83BAEDA31A09D16F00776368 /* Sources */,
				83BAEDA41A09D16F00776368 /* Frameworks */,
				83BAEDA51A09D16F00776368 /* Resources */,
			);
			buildRules = (
			);
			dependencies = (
			);
			name = CIC;
			productName = CIC;
			productReference = 83BAEDA71A09D16F00776368 /* CIC.app */;
			productType = "com.apple.product-type.application";
		};
		83BAEDBF1A09D16F00776368 /* CICTests */ = {
			isa = PBXNativeTarget;
			buildConfigurationList = 83BAEDCD1A09D16F00776368 /* Build configuration list for PBXNativeTarget "CICTests" */;
			buildPhases = (
				83BAEDBC1A09D16F00776368 /* Sources */,
				83BAEDBD1A09D16F00776368 /* Frameworks */,
				83BAEDBE1A09D16F00776368 /* Resources */,
			);
			buildRules = (
			);
			dependencies = (
				83BAEDC21A09D16F00776368 /* PBXTargetDependency */,
			);
			name = CICTests;
			productName = CICTests;
			productReference = 83BAEDC01A09D16F00776368 /* CICTests.xctest */;
			productType = "com.apple.product-type.bundle.unit-test";
		};
/* End PBXNativeTarget section */

/* Begin PBXProject section */
		83BAED9F1A09D16F00776368 /* Project object */ = {
			isa = PBXProject;
			attributes = {
				LastUpgradeCheck = 0610;
				ORGANIZATIONNAME = com.devsfolder.cic;
				TargetAttributes = {
					83BAEDA61A09D16F00776368 = {
						CreatedOnToolsVersion = 6.1;
						DevelopmentTeam = 6NV83C98B7;
					};
					83BAEDBF1A09D16F00776368 = {
						CreatedOnToolsVersion = 6.1;
						TestTargetID = 83BAEDA61A09D16F00776368;
					};
				};
			};
			buildConfigurationList = 83BAEDA21A09D16F00776368 /* Build configuration list for PBXProject "CIC" */;
			compatibilityVersion = "Xcode 3.2";
			developmentRegion = English;
			hasScannedForEncodings = 0;
			knownRegions = (
				en,
				Base,
			);
			mainGroup = 83BAED9E1A09D16F00776368;
			productRefGroup = 83BAEDA81A09D16F00776368 /* Products */;
			projectDirPath = "";
			projectRoot = "";
			targets = (
				83BAEDA61A09D16F00776368 /* CIC */,
				83BAEDBF1A09D16F00776368 /* CICTests */,
			);
		};
/* End PBXProject section */

/* Begin PBXResourcesBuildPhase section */
		83BAEDA51A09D16F00776368 /* Resources */ = {
			isa = PBXResourcesBuildPhase;
			buildActionMask = 2147483647;
			files = (
				83BAEDB61A09D16F00776368 /* Main.storyboard in Resources */,
				83C6FB5E1A13AC7D003CD71B /* agreement_1.txt in Resources */,
				8390AE1A1A0B2FDA00C69020 /* res in Resources */,
				8390AE1C1A0B3D9800C69020 /* Images.xcassets in Resources */,
				831FBE411A1A45AB002F3C36 /* intro.txt in Resources */,
				831FBE431A1A4D77002F3C36 /* professors.json in Resources */,
				83C6FB5C1A13ABF7003CD71B /* agreement_2.txt in Resources */,
				83D109B31A21DA400011E3F6 /* graduation.json in Resources */,
				83BAEDBB1A09D16F00776368 /* LaunchScreen.xib in Resources */,
			);
			runOnlyForDeploymentPostprocessing = 0;
		};
		83BAEDBE1A09D16F00776368 /* Resources */ = {
			isa = PBXResourcesBuildPhase;
			buildActionMask = 2147483647;
			files = (
			);
			runOnlyForDeploymentPostprocessing = 0;
		};
/* End PBXResourcesBuildPhase section */

/* Begin PBXSourcesBuildPhase section */
		83BAEDA31A09D16F00776368 /* Sources */ = {
			isa = PBXSourcesBuildPhase;
			buildActionMask = 2147483647;
			files = (
				830BFB981A0F903300F9C036 /* FUICellBackgroundView.m in Sources */,
				83AC01001A1D725D0040B5BD /* BoardDetailCell.m in Sources */,
				830BFB961A0F903300F9C036 /* FUIAlertView.m in Sources */,
				83BAEDB31A09D16F00776368 /* LoginViewController.m in Sources */,
				83C6FB581A13A6F9003CD71B /* AgreementContentsViewController.m in Sources */,
				83AC00FD1A1C5B030040B5BD /* BoardDetailViewController.m in Sources */,
				833286561A1911CD0095A0DE /* LKSegmentControl.m in Sources */,
				83B0BBC81A23A5B300438379 /* RentalStatusCell.m in Sources */,
				83B0BBC51A231A0700438379 /* RentalDetailViewController.m in Sources */,
				830BFB9D1A0F903300F9C036 /* UIBarButtonItem+FlatUI.m in Sources */,
				83B0BBDE1A24217D00438379 /* CounselMyCell.m in Sources */,
				830BFB9C1A0F903300F9C036 /* FUITextField.m in Sources */,
				830BFB9E1A0F903300F9C036 /* UIColor+FlatUI.m in Sources */,
				83B83EBF1A1DBDE4002CD7D9 /* BoardCommentCell.m in Sources */,
				83AC00D91A1BB4630040B5BD /* LKLoadingView.m in Sources */,
				83D109C51A2217980011E3F6 /* GraduationBottomCell.m in Sources */,
				830BFBA81A0F903400F9C036 /* UIToolbar+FlatUI.m in Sources */,
				83B0BBDB1A24216E00438379 /* CounselSenderCell.m in Sources */,
				83BAEDB01A09D16F00776368 /* AppDelegate.m in Sources */,
				83C2C92E1A0B432E00FD292B /* LKViewController.m in Sources */,
				830BFB9A1A0F903300F9C036 /* FUISegmentedControl.m in Sources */,
				83BAEDD81A09D9A400776368 /* LKHttpRequest.m in Sources */,
				83C6FB611A14F4BE003CD71B /* LKProgressView.m in Sources */,
				83B0BBC21A22EEE600438379 /* RentalCell.m in Sources */,
				831FBE4A1A1AFF5B002F3C36 /* BoardCell.m in Sources */,
				830BFBA41A0F903400F9C036 /* UISlider+FlatUI.m in Sources */,
				83BAEDAD1A09D16F00776368 /* main.m in Sources */,
				83C6FB551A13A154003CD71B /* AgreementViewController.m in Sources */,
				83D109B91A21DB590011E3F6 /* GraduationDetailCell.m in Sources */,
				830BFBB71A0FA8B700F9C036 /* UIViewController+JASidePanel.m in Sources */,
				831FBE471A1AFF06002F3C36 /* BoardViewController.m in Sources */,
				83D109B61A21DB470011E3F6 /* UserScrollView.m in Sources */,
				8385C3AD1A207BE80059E95B /* GraduationViewController.m in Sources */,
				830BFBBF1A0FB32D00F9C036 /* RegistViewController.m in Sources */,
				830BFBA71A0F903400F9C036 /* UITableViewCell+FlatUI.m in Sources */,
				830BFBA61A0F903400F9C036 /* UITabBar+FlatUI.m in Sources */,
				83B0BBD51A24188D00438379 /* CounselRoomCell.m in Sources */,
				83B0BBCE1A23B77D00438379 /* CounselViewController.m in Sources */,
				83D109BC1A21DBDA0011E3F6 /* GraduationDetailViewController.m in Sources */,
				830BFBA01A0F903300F9C036 /* UIImage+FlatUI.m in Sources */,
				83D109C91A2220730011E3F6 /* RentalViewController.m in Sources */,
				83D109BF1A21F2440011E3F6 /* GraduationPosterViewController.m in Sources */,
				830BFBBC1A0FA99B00F9C036 /* LKSideViewController.m in Sources */,
				830BFBA31A0F903400F9C036 /* UIProgressView+FlatUI.m in Sources */,
				830BFBAD1A0F991A00F9C036 /* MainViewController.m in Sources */,
				83D109C21A22178D0011E3F6 /* GraduationMiddleCell.m in Sources */,
				830BFBA51A0F903400F9C036 /* UIStepper+FlatUI.m in Sources */,
				830BFB9B1A0F903300F9C036 /* FUISwitch.m in Sources */,
				830BFBA21A0F903400F9C036 /* UIPopoverController+FlatUI.m in Sources */,
				8332865E1A1A36DC0095A0DE /* GreetingCell.m in Sources */,
				830BFB991A0F903300F9C036 /* FUIPopoverBackgroundView.m in Sources */,
				83807F1B1A15A9B800071612 /* UIImage+Async.m in Sources */,
				830BFBA11A0F903400F9C036 /* UINavigationBar+FlatUI.m in Sources */,
				8385C3A91A2041390059E95B /* LKChatTableView.m in Sources */,
				83B0BBD81A241F2600438379 /* ChatViewController.m in Sources */,
				8385C3A61A203E430059E95B /* LKChatView.m in Sources */,
				830BFBB61A0FA8B700F9C036 /* JASidePanelController.m in Sources */,
				830BFB971A0F903300F9C036 /* FUIButton.m in Sources */,
				83B0BBCB1A23A79E00438379 /* RentalAdminCell.m in Sources */,
				83B0BBD21A24187B00438379 /* CounselPeopleCell.m in Sources */,
				8385C3B11A207C3D0059E95B /* GraduationCell.m in Sources */,
				830BFB6C1A0F7CAD00F9C036 /* LKView.m in Sources */,
				833286611A1A43680095A0DE /* IntroCell.m in Sources */,
				830BFB9F1A0F903300F9C036 /* UIFont+FlatUI.m in Sources */,
				8332865A1A1914EB0095A0DE /* LKButton.m in Sources */,
				836962B61A1910A1009BC7AC /* IntroViewController.m in Sources */,
				833286641A1A43700095A0DE /* MemberCell.m in Sources */,
			);
			runOnlyForDeploymentPostprocessing = 0;
		};
		83BAEDBC1A09D16F00776368 /* Sources */ = {
			isa = PBXSourcesBuildPhase;
			buildActionMask = 2147483647;
			files = (
				83BAEDC71A09D16F00776368 /* CICTests.m in Sources */,
			);
			runOnlyForDeploymentPostprocessing = 0;
		};
/* End PBXSourcesBuildPhase section */

/* Begin PBXTargetDependency section */
		83BAEDC21A09D16F00776368 /* PBXTargetDependency */ = {
			isa = PBXTargetDependency;
			target = 83BAEDA61A09D16F00776368 /* CIC */;
			targetProxy = 83BAEDC11A09D16F00776368 /* PBXContainerItemProxy */;
		};
/* End PBXTargetDependency section */

/* Begin PBXVariantGroup section */
		83BAEDB41A09D16F00776368 /* Main.storyboard */ = {
			isa = PBXVariantGroup;
			children = (
				83BAEDB51A09D16F00776368 /* Base */,
			);
			name = Main.storyboard;
			sourceTree = "<group>";
		};
		83BAEDB91A09D16F00776368 /* LaunchScreen.xib */ = {
			isa = PBXVariantGroup;
			children = (
				83BAEDBA1A09D16F00776368 /* Base */,
			);
			name = LaunchScreen.xib;
			sourceTree = "<group>";
		};
/* End PBXVariantGroup section */

/* Begin XCBuildConfiguration section */
		83BAEDC81A09D16F00776368 /* Debug */ = {
			isa = XCBuildConfiguration;
			buildSettings = {
				ALWAYS_SEARCH_USER_PATHS = NO;
				CLANG_CXX_LANGUAGE_STANDARD = "gnu++0x";
				CLANG_CXX_LIBRARY = "libc++";
				CLANG_ENABLE_MODULES = YES;
				CLANG_ENABLE_OBJC_ARC = YES;
				CLANG_WARN_BOOL_CONVERSION = YES;
				CLANG_WARN_CONSTANT_CONVERSION = YES;
				CLANG_WARN_DIRECT_OBJC_ISA_USAGE = YES_ERROR;
				CLANG_WARN_EMPTY_BODY = YES;
				CLANG_WARN_ENUM_CONVERSION = YES;
				CLANG_WARN_INT_CONVERSION = YES;
				CLANG_WARN_OBJC_ROOT_CLASS = YES_ERROR;
				CLANG_WARN_UNREACHABLE_CODE = YES;
				CLANG_WARN__DUPLICATE_METHOD_MATCH = YES;
				"CODE_SIGN_IDENTITY[sdk=iphoneos*]" = "iPhone Developer";
				COPY_PHASE_STRIP = NO;
				ENABLE_STRICT_OBJC_MSGSEND = YES;
				GCC_C_LANGUAGE_STANDARD = gnu99;
				GCC_DYNAMIC_NO_PIC = NO;
				GCC_OPTIMIZATION_LEVEL = 0;
				GCC_PREPROCESSOR_DEFINITIONS = (
					"DEBUG=1",
					"$(inherited)",
				);
				GCC_SYMBOLS_PRIVATE_EXTERN = NO;
				GCC_WARN_64_TO_32_BIT_CONVERSION = YES;
				GCC_WARN_ABOUT_RETURN_TYPE = YES_ERROR;
				GCC_WARN_UNDECLARED_SELECTOR = YES;
				GCC_WARN_UNINITIALIZED_AUTOS = YES_AGGRESSIVE;
				GCC_WARN_UNUSED_FUNCTION = YES;
				GCC_WARN_UNUSED_VARIABLE = YES;
				IPHONEOS_DEPLOYMENT_TARGET = 8.1;
				MTL_ENABLE_DEBUG_INFO = YES;
				ONLY_ACTIVE_ARCH = YES;
				SDKROOT = iphoneos;
			};
			name = Debug;
		};
		83BAEDC91A09D16F00776368 /* Release */ = {
			isa = XCBuildConfiguration;
			buildSettings = {
				ALWAYS_SEARCH_USER_PATHS = NO;
				CLANG_CXX_LANGUAGE_STANDARD = "gnu++0x";
				CLANG_CXX_LIBRARY = "libc++";
				CLANG_ENABLE_MODULES = YES;
				CLANG_ENABLE_OBJC_ARC = YES;
				CLANG_WARN_BOOL_CONVERSION = YES;
				CLANG_WARN_CONSTANT_CONVERSION = YES;
				CLANG_WARN_DIRECT_OBJC_ISA_USAGE = YES_ERROR;
				CLANG_WARN_EMPTY_BODY = YES;
				CLANG_WARN_ENUM_CONVERSION = YES;
				CLANG_WARN_INT_CONVERSION = YES;
				CLANG_WARN_OBJC_ROOT_CLASS = YES_ERROR;
				CLANG_WARN_UNREACHABLE_CODE = YES;
				CLANG_WARN__DUPLICATE_METHOD_MATCH = YES;
				"CODE_SIGN_IDENTITY[sdk=iphoneos*]" = "iPhone Developer";
				COPY_PHASE_STRIP = YES;
				ENABLE_NS_ASSERTIONS = NO;
				ENABLE_STRICT_OBJC_MSGSEND = YES;
				GCC_C_LANGUAGE_STANDARD = gnu99;
				GCC_WARN_64_TO_32_BIT_CONVERSION = YES;
				GCC_WARN_ABOUT_RETURN_TYPE = YES_ERROR;
				GCC_WARN_UNDECLARED_SELECTOR = YES;
				GCC_WARN_UNINITIALIZED_AUTOS = YES_AGGRESSIVE;
				GCC_WARN_UNUSED_FUNCTION = YES;
				GCC_WARN_UNUSED_VARIABLE = YES;
				IPHONEOS_DEPLOYMENT_TARGET = 8.1;
				MTL_ENABLE_DEBUG_INFO = NO;
				SDKROOT = iphoneos;
				VALIDATE_PRODUCT = YES;
			};
			name = Release;
		};
		83BAEDCB1A09D16F00776368 /* Debug */ = {
			isa = XCBuildConfiguration;
			buildSettings = {
				ASSETCATALOG_COMPILER_APPICON_NAME = AppIcon;
				ASSETCATALOG_COMPILER_LAUNCHIMAGE_NAME = LaunchImage;
				CODE_SIGN_IDENTITY = "iPhone Developer: GiPyeong Lee (Z8HK343XBL)";
				"CODE_SIGN_IDENTITY[sdk=iphoneos*]" = "iPhone Developer: GiPyeong Lee (Z8HK343XBL)";
				FRAMEWORK_SEARCH_PATHS = (
					"$(inherited)",
					"$(PROJECT_DIR)/CIC/lib",
				);
				INFOPLIST_FILE = CIC/Info.plist;
				IPHONEOS_DEPLOYMENT_TARGET = 7.1;
				LD_RUNPATH_SEARCH_PATHS = "$(inherited) @executable_path/Frameworks";
				OTHER_LDFLAGS = "-all_load";
				PRODUCT_NAME = "$(TARGET_NAME)";
				PROVISIONING_PROFILE = "69931e38-45a1-4b20-a8a6-bdaf4deb18c9";
			};
			name = Debug;
		};
		83BAEDCC1A09D16F00776368 /* Release */ = {
			isa = XCBuildConfiguration;
			buildSettings = {
				ASSETCATALOG_COMPILER_APPICON_NAME = AppIcon;
				ASSETCATALOG_COMPILER_LAUNCHIMAGE_NAME = LaunchImage;
				CODE_SIGN_IDENTITY = "iPhone Developer: GiPyeong Lee (Z8HK343XBL)";
				"CODE_SIGN_IDENTITY[sdk=iphoneos*]" = "iPhone Developer: GiPyeong Lee (Z8HK343XBL)";
				FRAMEWORK_SEARCH_PATHS = (
					"$(inherited)",
					"$(PROJECT_DIR)/CIC/lib",
				);
				INFOPLIST_FILE = CIC/Info.plist;
				IPHONEOS_DEPLOYMENT_TARGET = 7.1;
				LD_RUNPATH_SEARCH_PATHS = "$(inherited) @executable_path/Frameworks";
				OTHER_LDFLAGS = "-all_load";
				PRODUCT_NAME = "$(TARGET_NAME)";
				PROVISIONING_PROFILE = "69931e38-45a1-4b20-a8a6-bdaf4deb18c9";
			};
			name = Release;
		};
		83BAEDCE1A09D16F00776368 /* Debug */ = {
			isa = XCBuildConfiguration;
			buildSettings = {
				BUNDLE_LOADER = "$(TEST_HOST)";
				FRAMEWORK_SEARCH_PATHS = (
					"$(SDKROOT)/Developer/Library/Frameworks",
					"$(inherited)",
				);
				GCC_PREPROCESSOR_DEFINITIONS = (
					"DEBUG=1",
					"$(inherited)",
				);
				INFOPLIST_FILE = CICTests/Info.plist;
				LD_RUNPATH_SEARCH_PATHS = "$(inherited) @executable_path/Frameworks @loader_path/Frameworks";
				PRODUCT_NAME = "$(TARGET_NAME)";
				TEST_HOST = "$(BUILT_PRODUCTS_DIR)/CIC.app/CIC";
			};
			name = Debug;
		};
		83BAEDCF1A09D16F00776368 /* Release */ = {
			isa = XCBuildConfiguration;
			buildSettings = {
				BUNDLE_LOADER = "$(TEST_HOST)";
				FRAMEWORK_SEARCH_PATHS = (
					"$(SDKROOT)/Developer/Library/Frameworks",
					"$(inherited)",
				);
				INFOPLIST_FILE = CICTests/Info.plist;
				LD_RUNPATH_SEARCH_PATHS = "$(inherited) @executable_path/Frameworks @loader_path/Frameworks";
				PRODUCT_NAME = "$(TARGET_NAME)";
				TEST_HOST = "$(BUILT_PRODUCTS_DIR)/CIC.app/CIC";
			};
			name = Release;
		};
/* End XCBuildConfiguration section */

/* Begin XCConfigurationList section */
		83BAEDA21A09D16F00776368 /* Build configuration list for PBXProject "CIC" */ = {
			isa = XCConfigurationList;
			buildConfigurations = (
				83BAEDC81A09D16F00776368 /* Debug */,
				83BAEDC91A09D16F00776368 /* Release */,
			);
			defaultConfigurationIsVisible = 0;
			defaultConfigurationName = Release;
		};
		83BAEDCA1A09D16F00776368 /* Build configuration list for PBXNativeTarget "CIC" */ = {
			isa = XCConfigurationList;
			buildConfigurations = (
				83BAEDCB1A09D16F00776368 /* Debug */,
				83BAEDCC1A09D16F00776368 /* Release */,
			);
			defaultConfigurationIsVisible = 0;
			defaultConfigurationName = Release;
		};
		83BAEDCD1A09D16F00776368 /* Build configuration list for PBXNativeTarget "CICTests" */ = {
			isa = XCConfigurationList;
			buildConfigurations = (
				83BAEDCE1A09D16F00776368 /* Debug */,
				83BAEDCF1A09D16F00776368 /* Release */,
			);
			defaultConfigurationIsVisible = 0;
			defaultConfigurationName = Release;
		};
/* End XCConfigurationList section */
	};
	rootObject = 83BAED9F1A09D16F00776368 /* Project object */;
}
